
Microsoft Visual Studio Solution File, Format Version 12.00
# Visual Studio Version 17
VisualStudioVersion = 17.2.32630.192
MinimumVisualStudioVersion = 10.0.40219.1
Project("{FAE04EC0-301F-11D3-BF4B-00C04F79EFBC}") = "M2MT-POC-002.BackendOne", "M2MT-POC-002.BackendOne\M2MT-POC-002.BackendOne.csproj", "{5E7F1D2F-520B-4FC9-9B66-9FFEDAFBCC04}"
EndProject
Project("{FAE04EC0-301F-11D3-BF4B-00C04F79EFBC}") = "M2MT-POC-002.BackendTwo", "M2MT-POC-002.BackendTwo\M2MT-POC-002.BackendTwo.csproj", "{661109DC-8979-4AEC-9CA2-B042E3C043A8}"
EndProject
Global
	GlobalSection(SolutionConfigurationPlatforms) = preSolution
		Debug|Any CPU = Debug|Any CPU
		Release|Any CPU = Release|Any CPU
	EndGlobalSection
	GlobalSection(ProjectConfigurationPlatforms) = postSolution
		{5E7F1D2F-520B-4FC9-9B66-9FFEDAFBCC04}.Debug|Any CPU.ActiveCfg = Debug|Any CPU
		{5E7F1D2F-520B-4FC9-9B66-9FFEDAFBCC04}.Debug|Any CPU.Build.0 = Debug|Any CPU
		{5E7F1D2F-520B-4FC9-9B66-9FFEDAFBCC04}.Release|Any CPU.ActiveCfg = Release|Any CPU
		{5E7F1D2F-520B-4FC9-9B66-9FFEDAFBCC04}.Release|Any CPU.Build.0 = Release|Any CPU
		{661109DC-8979-4AEC-9CA2-B042E3C043A8}.Debug|Any CPU.ActiveCfg = Debug|Any CPU
		{661109DC-8979-4AEC-9CA2-B042E3C043A8}.Debug|Any CPU.Build.0 = Debug|Any CPU
		{661109DC-8979-4AEC-9CA2-B042E3C043A8}.Release|Any CPU.ActiveCfg = Release|Any CPU
		{661109DC-8979-4AEC-9CA2-B042E3C043A8}.Release|Any CPU.Build.0 = Release|Any CPU
	EndGlobalSection
	GlobalSection(SolutionProperties) = preSolution
		HideSolutionNode = FALSE
	EndGlobalSection
	GlobalSection(ExtensibilityGlobals) = postSolution
		SolutionGuid = {93EE5343-1B21-41DF-BE20-E7C65DD6DBD5}
	EndGlobalSection
EndGlobal
